
Microsoft Visual Studio Solution File, Format Version 12.00
# Visual Studio Version 17
VisualStudioVersion = 17.10.34928.147
MinimumVisualStudioVersion = 10.0.40219.1
Project("{9A19103F-16F7-4668-BE54-9A1E7A4F7556}") = "ImagesIDsToCSV", "ImagesIDsToCSV\ImagesIDsToCSV.csproj", "{9726B5B4-34AE-4E21-818C-792CB18D0C20}"
EndProject
Project("{9A19103F-16F7-4668-BE54-9A1E7A4F7556}") = "DBTablePump", "DBTablePump\DBTablePump.csproj", "{6A46403D-55BB-422D-8F52-C9087E9CDCDF}"
EndProject
Project("{9A19103F-16F7-4668-BE54-9A1E7A4F7556}") = "ImageMetadataUpdater", "ImageMetadataUpdater\ImageMetadataUpdater.csproj", "{E6947558-EC18-42DF-AA80-E5B678C74028}"
EndProject
Project("{9A19103F-16F7-4668-BE54-9A1E7A4F7556}") = "ExcelImageIDToDB", "ExcelImageIDToDB\ExcelImageIDToDB.csproj", "{EE5104E2-3088-4A1E-8D86-DEBFB2DCBB29}"
EndProject
Project("{9A19103F-16F7-4668-BE54-9A1E7A4F7556}") = "LegacyUsageReport", "LegacyUsageReport\LegacyUsageReport.csproj", "{BDB333B5-5C33-4468-8B67-1BD263FD5DD6}"
EndProject
Project("{9A19103F-16F7-4668-BE54-9A1E7A4F7556}") = "EmailRecovery", "EmailRecovery\EmailRecovery.csproj", "{887C23C8-5C2C-46FA-A3B9-1E2B3FE9C5D7}"
EndProject
Project("{9A19103F-16F7-4668-BE54-9A1E7A4F7556}") = "CheckIFBlobExists", "CheckIfBlobExists\CheckIFBlobExists.csproj", "{794217A8-7E61-48C9-8B4C-73173C8C2F2A}"
EndProject
Project("{9A19103F-16F7-4668-BE54-9A1E7A4F7556}") = "CloneFixer", "CloneFixer\CloneFixer.csproj", "{7AE62644-28EE-494E-B214-D01D8B87065D}"
EndProject
Project("{9A19103F-16F7-4668-BE54-9A1E7A4F7556}") = "IISLogToDB", "IISLogToDB\IISLogToDB.csproj", "{9DCD6975-E728-4865-9061-A532BE58855D}"
EndProject
Project("{9A19103F-16F7-4668-BE54-9A1E7A4F7556}") = "APILogsToDB", "APILogsToDB\APILogsToDB.csproj", "{BCC09A1F-AC5E-41C2-894B-8AFB44594844}"
EndProject
Project("{9A19103F-16F7-4668-BE54-9A1E7A4F7556}") = "TransactionVerificationTool", "TransactionVerificationTool\TransactionVerificationTool.csproj", "{4A33CAF1-B2DE-4D58-BAFF-B7C2AFBC9E27}"
EndProject
Project("{9A19103F-16F7-4668-BE54-9A1E7A4F7556}") = "MunicipalityWordMatcher", "MunicipalityWordMatcher\MunicipalityWordMatcher.csproj", "{327012AA-65E6-4BFB-AEC9-0CC3FB458BBB}"
EndProject
Project("{9A19103F-16F7-4668-BE54-9A1E7A4F7556}") = "GenerateCompanyCSVs", "GenerateCompanyCSVs\GenerateCompanyCSVs.csproj", "{90989B45-5879-4D29-8519-D5A9CEAB696E}"
EndProject
Project("{9A19103F-16F7-4668-BE54-9A1E7A4F7556}") = "GenerateCompanySQLs", "GenerateCompanySQLs\GenerateCompanySQLs.csproj", "{DC7D4DD2-EF2D-44FE-B233-61363CEC5854}"
EndProject
Project("{9A19103F-16F7-4668-BE54-9A1E7A4F7556}") = "CopyRenewalDateCompanies", "CopyRenewalDateCompanies\CopyRenewalDateCompanies.csproj", "{9568B136-4969-464C-AF59-D50894226A31}"
EndProject
Project("{9A19103F-16F7-4668-BE54-9A1E7A4F7556}") = "ExcelCompanyReversal", "ExcelCompanyReversal\ExcelCompanyReversal.csproj", "{8FBD3A7A-FF18-4782-9ADA-5CF853C9CA9E}"
EndProject
Project("{9A19103F-16F7-4668-BE54-9A1E7A4F7556}") = "RotationVerification", "RotationVerification\RotationVerification.csproj", "{2BAE9A2F-72BF-46F7-A590-AAC4F94309CF}"
EndProject
Project("{9A19103F-16F7-4668-BE54-9A1E7A4F7556}") = "BlobDownloader", "BlobDownloader\BlobDownloader.csproj", "{1572CF48-CA3F-4D11-AF5A-F7EC8B59A095}"
EndProject
Global
	GlobalSection(SolutionConfigurationPlatforms) = preSolution
		Debug|Any CPU = Debug|Any CPU
		Release|Any CPU = Release|Any CPU
	EndGlobalSection
	GlobalSection(ProjectConfigurationPlatforms) = postSolution
		{9726B5B4-34AE-4E21-818C-792CB18D0C20}.Debug|Any CPU.ActiveCfg = Debug|Any CPU
		{9726B5B4-34AE-4E21-818C-792CB18D0C20}.Debug|Any CPU.Build.0 = Debug|Any CPU
		{9726B5B4-34AE-4E21-818C-792CB18D0C20}.Release|Any CPU.ActiveCfg = Release|Any CPU
		{9726B5B4-34AE-4E21-818C-792CB18D0C20}.Release|Any CPU.Build.0 = Release|Any CPU
		{6A46403D-55BB-422D-8F52-C9087E9CDCDF}.Debug|Any CPU.ActiveCfg = Debug|Any CPU
		{6A46403D-55BB-422D-8F52-C9087E9CDCDF}.Debug|Any CPU.Build.0 = Debug|Any CPU
		{6A46403D-55BB-422D-8F52-C9087E9CDCDF}.Release|Any CPU.ActiveCfg = Release|Any CPU
		{6A46403D-55BB-422D-8F52-C9087E9CDCDF}.Release|Any CPU.Build.0 = Release|Any CPU
		{E6947558-EC18-42DF-AA80-E5B678C74028}.Debug|Any CPU.ActiveCfg = Debug|Any CPU
		{E6947558-EC18-42DF-AA80-E5B678C74028}.Debug|Any CPU.Build.0 = Debug|Any CPU
		{E6947558-EC18-42DF-AA80-E5B678C74028}.Release|Any CPU.ActiveCfg = Release|Any CPU
		{E6947558-EC18-42DF-AA80-E5B678C74028}.Release|Any CPU.Build.0 = Release|Any CPU
		{EE5104E2-3088-4A1E-8D86-DEBFB2DCBB29}.Debug|Any CPU.ActiveCfg = Debug|Any CPU
		{EE5104E2-3088-4A1E-8D86-DEBFB2DCBB29}.Debug|Any CPU.Build.0 = Debug|Any CPU
		{EE5104E2-3088-4A1E-8D86-DEBFB2DCBB29}.Release|Any CPU.ActiveCfg = Release|Any CPU
		{EE5104E2-3088-4A1E-8D86-DEBFB2DCBB29}.Release|Any CPU.Build.0 = Release|Any CPU
		{BDB333B5-5C33-4468-8B67-1BD263FD5DD6}.Debug|Any CPU.ActiveCfg = Debug|Any CPU
		{BDB333B5-5C33-4468-8B67-1BD263FD5DD6}.Debug|Any CPU.Build.0 = Debug|Any CPU
		{BDB333B5-5C33-4468-8B67-1BD263FD5DD6}.Release|Any CPU.ActiveCfg = Release|Any CPU
		{BDB333B5-5C33-4468-8B67-1BD263FD5DD6}.Release|Any CPU.Build.0 = Release|Any CPU
		{887C23C8-5C2C-46FA-A3B9-1E2B3FE9C5D7}.Debug|Any CPU.ActiveCfg = Debug|Any CPU
		{887C23C8-5C2C-46FA-A3B9-1E2B3FE9C5D7}.Debug|Any CPU.Build.0 = Debug|Any CPU
		{887C23C8-5C2C-46FA-A3B9-1E2B3FE9C5D7}.Release|Any CPU.ActiveCfg = Release|Any CPU
		{887C23C8-5C2C-46FA-A3B9-1E2B3FE9C5D7}.Release|Any CPU.Build.0 = Release|Any CPU
		{794217A8-7E61-48C9-8B4C-73173C8C2F2A}.Debug|Any CPU.ActiveCfg = Debug|Any CPU
		{794217A8-7E61-48C9-8B4C-73173C8C2F2A}.Debug|Any CPU.Build.0 = Debug|Any CPU
		{794217A8-7E61-48C9-8B4C-73173C8C2F2A}.Release|Any CPU.ActiveCfg = Release|Any CPU
		{794217A8-7E61-48C9-8B4C-73173C8C2F2A}.Release|Any CPU.Build.0 = Release|Any CPU
		{7AE62644-28EE-494E-B214-D01D8B87065D}.Debug|Any CPU.ActiveCfg = Debug|Any CPU
		{7AE62644-28EE-494E-B214-D01D8B87065D}.Debug|Any CPU.Build.0 = Debug|Any CPU
		{7AE62644-28EE-494E-B214-D01D8B87065D}.Release|Any CPU.ActiveCfg = Release|Any CPU
		{7AE62644-28EE-494E-B214-D01D8B87065D}.Release|Any CPU.Build.0 = Release|Any CPU
		{9DCD6975-E728-4865-9061-A532BE58855D}.Debug|Any CPU.ActiveCfg = Debug|Any CPU
		{9DCD6975-E728-4865-9061-A532BE58855D}.Debug|Any CPU.Build.0 = Debug|Any CPU
		{9DCD6975-E728-4865-9061-A532BE58855D}.Release|Any CPU.ActiveCfg = Release|Any CPU
		{9DCD6975-E728-4865-9061-A532BE58855D}.Release|Any CPU.Build.0 = Release|Any CPU
		{BCC09A1F-AC5E-41C2-894B-8AFB44594844}.Debug|Any CPU.ActiveCfg = Debug|Any CPU
		{BCC09A1F-AC5E-41C2-894B-8AFB44594844}.Debug|Any CPU.Build.0 = Debug|Any CPU
		{BCC09A1F-AC5E-41C2-894B-8AFB44594844}.Release|Any CPU.ActiveCfg = Release|Any CPU
		{BCC09A1F-AC5E-41C2-894B-8AFB44594844}.Release|Any CPU.Build.0 = Release|Any CPU
		{4A33CAF1-B2DE-4D58-BAFF-B7C2AFBC9E27}.Debug|Any CPU.ActiveCfg = Debug|Any CPU
		{4A33CAF1-B2DE-4D58-BAFF-B7C2AFBC9E27}.Debug|Any CPU.Build.0 = Debug|Any CPU
		{4A33CAF1-B2DE-4D58-BAFF-B7C2AFBC9E27}.Release|Any CPU.ActiveCfg = Release|Any CPU
		{4A33CAF1-B2DE-4D58-BAFF-B7C2AFBC9E27}.Release|Any CPU.Build.0 = Release|Any CPU
		{327012AA-65E6-4BFB-AEC9-0CC3FB458BBB}.Debug|Any CPU.ActiveCfg = Debug|Any CPU
		{327012AA-65E6-4BFB-AEC9-0CC3FB458BBB}.Debug|Any CPU.Build.0 = Debug|Any CPU
		{327012AA-65E6-4BFB-AEC9-0CC3FB458BBB}.Release|Any CPU.ActiveCfg = Release|Any CPU
		{327012AA-65E6-4BFB-AEC9-0CC3FB458BBB}.Release|Any CPU.Build.0 = Release|Any CPU
		{90989B45-5879-4D29-8519-D5A9CEAB696E}.Debug|Any CPU.ActiveCfg = Debug|Any CPU
		{90989B45-5879-4D29-8519-D5A9CEAB696E}.Debug|Any CPU.Build.0 = Debug|Any CPU
		{90989B45-5879-4D29-8519-D5A9CEAB696E}.Release|Any CPU.ActiveCfg = Release|Any CPU
		{90989B45-5879-4D29-8519-D5A9CEAB696E}.Release|Any CPU.Build.0 = Release|Any CPU
		{DC7D4DD2-EF2D-44FE-B233-61363CEC5854}.Debug|Any CPU.ActiveCfg = Debug|Any CPU
		{DC7D4DD2-EF2D-44FE-B233-61363CEC5854}.Debug|Any CPU.Build.0 = Debug|Any CPU
		{DC7D4DD2-EF2D-44FE-B233-61363CEC5854}.Release|Any CPU.ActiveCfg = Release|Any CPU
		{DC7D4DD2-EF2D-44FE-B233-61363CEC5854}.Release|Any CPU.Build.0 = Release|Any CPU
		{9568B136-4969-464C-AF59-D50894226A31}.Debug|Any CPU.ActiveCfg = Debug|Any CPU
		{9568B136-4969-464C-AF59-D50894226A31}.Debug|Any CPU.Build.0 = Debug|Any CPU
		{9568B136-4969-464C-AF59-D50894226A31}.Release|Any CPU.ActiveCfg = Release|Any CPU
		{9568B136-4969-464C-AF59-D50894226A31}.Release|Any CPU.Build.0 = Release|Any CPU
		{8FBD3A7A-FF18-4782-9ADA-5CF853C9CA9E}.Debug|Any CPU.ActiveCfg = Debug|Any CPU
		{8FBD3A7A-FF18-4782-9ADA-5CF853C9CA9E}.Debug|Any CPU.Build.0 = Debug|Any CPU
		{8FBD3A7A-FF18-4782-9ADA-5CF853C9CA9E}.Release|Any CPU.ActiveCfg = Release|Any CPU
		{8FBD3A7A-FF18-4782-9ADA-5CF853C9CA9E}.Release|Any CPU.Build.0 = Release|Any CPU
		{2BAE9A2F-72BF-46F7-A590-AAC4F94309CF}.Debug|Any CPU.ActiveCfg = Debug|Any CPU
		{2BAE9A2F-72BF-46F7-A590-AAC4F94309CF}.Debug|Any CPU.Build.0 = Debug|Any CPU
		{2BAE9A2F-72BF-46F7-A590-AAC4F94309CF}.Release|Any CPU.ActiveCfg = Release|Any CPU
		{2BAE9A2F-72BF-46F7-A590-AAC4F94309CF}.Release|Any CPU.Build.0 = Release|Any CPU
		{1572CF48-CA3F-4D11-AF5A-F7EC8B59A095}.Debug|Any CPU.ActiveCfg = Debug|Any CPU
		{1572CF48-CA3F-4D11-AF5A-F7EC8B59A095}.Debug|Any CPU.Build.0 = Debug|Any CPU
		{1572CF48-CA3F-4D11-AF5A-F7EC8B59A095}.Release|Any CPU.ActiveCfg = Release|Any CPU
		{1572CF48-CA3F-4D11-AF5A-F7EC8B59A095}.Release|Any CPU.Build.0 = Release|Any CPU
	EndGlobalSection
	GlobalSection(SolutionProperties) = preSolution
		HideSolutionNode = FALSE
	EndGlobalSection
	GlobalSection(ExtensibilityGlobals) = postSolution
		SolutionGuid = {2F0DC920-D7A6-40BD-931B-9C580587439F}
	EndGlobalSection
EndGlobal
